
Microsoft Visual Studio Solution File, Format Version 12.00
# Visual Studio Version 17
VisualStudioVersion = 17.4.33213.308
MinimumVisualStudioVersion = 10.0.40219.1
Project("{FAE04EC0-301F-11D3-BF4B-00C04F79EFBC}") = "Arrays.Logic", "Arrays.Logic\Arrays.Logic.csproj", "{FAF585AE-23EB-4480-9CB3-CD4594DF3436}"
EndProject
Project("{FAE04EC0-301F-11D3-BF4B-00C04F79EFBC}") = "Arrays.UI.Console", "Arrays.UI.Console\Arrays.UI.Console.csproj", "{4F0E82BD-54C0-4872-9D82-C4907A4E76B9}"
EndProject
Global
	GlobalSection(SolutionConfigurationPlatforms) = preSolution
		Debug|Any CPU = Debug|Any CPU
		Release|Any CPU = Release|Any CPU
	EndGlobalSection
	GlobalSection(ProjectConfigurationPlatforms) = postSolution
		{FAF585AE-23EB-4480-9CB3-CD4594DF3436}.Debug|Any CPU.ActiveCfg = Debug|Any CPU
		{FAF585AE-23EB-4480-9CB3-CD4594DF3436}.Debug|Any CPU.Build.0 = Debug|Any CPU
		{FAF585AE-23EB-4480-9CB3-CD4594DF3436}.Release|Any CPU.ActiveCfg = Release|Any CPU
		{FAF585AE-23EB-4480-9CB3-CD4594DF3436}.Release|Any CPU.Build.0 = Release|Any CPU
		{4F0E82BD-54C0-4872-9D82-C4907A4E76B9}.Debug|Any CPU.ActiveCfg = Debug|Any CPU
		{4F0E82BD-54C0-4872-9D82-C4907A4E76B9}.Debug|Any CPU.Build.0 = Debug|Any CPU
		{4F0E82BD-54C0-4872-9D82-C4907A4E76B9}.Release|Any CPU.ActiveCfg = Release|Any CPU
		{4F0E82BD-54C0-4872-9D82-C4907A4E76B9}.Release|Any CPU.Build.0 = Release|Any CPU
	EndGlobalSection
	GlobalSection(SolutionProperties) = preSolution
		HideSolutionNode = FALSE
	EndGlobalSection
	GlobalSection(ExtensibilityGlobals) = postSolution
		SolutionGuid = {D9ED2404-2BE2-41B4-93B6-6916E6B66437}
	EndGlobalSection
EndGlobal
